
Microsoft Visual Studio Solution File, Format Version 12.00
# Visual Studio Version 17
VisualStudioVersion = 17.0.32112.339
MinimumVisualStudioVersion = 10.0.40219.1
Project("{8BC9CEB8-8B4A-11D0-8D11-00A0C91BC942}") = "CS330_8-3_SnowV", "CS330_8-3_SnowV.vcxproj", "{9DD4E657-2278-440E-B8EE-7804B7841485}"
EndProject
Global
	GlobalSection(SolutionConfigurationPlatforms) = preSolution
		Debug|x64 = Debug|x64
		Debug|x86 = Debug|x86
		Release|x64 = Release|x64
		Release|x86 = Release|x86
	EndGlobalSection
	GlobalSection(ProjectConfigurationPlatforms) = postSolution
		{9DD4E657-2278-440E-B8EE-7804B7841485}.Debug|x64.ActiveCfg = Debug|x64
		{9DD4E657-2278-440E-B8EE-7804B7841485}.Debug|x64.Build.0 = Debug|x64
		{9DD4E657-2278-440E-B8EE-7804B7841485}.Debug|x86.ActiveCfg = Debug|Win32
		{9DD4E657-2278-440E-B8EE-7804B7841485}.Debug|x86.Build.0 = Debug|Win32
		{9DD4E657-2278-440E-B8EE-7804B7841485}.Release|x64.ActiveCfg = Release|x64
		{9DD4E657-2278-440E-B8EE-7804B7841485}.Release|x64.Build.0 = Release|x64
		{9DD4E657-2278-440E-B8EE-7804B7841485}.Release|x86.ActiveCfg = Release|Win32
		{9DD4E657-2278-440E-B8EE-7804B7841485}.Release|x86.Build.0 = Release|Win32
	EndGlobalSection
	GlobalSection(SolutionProperties) = preSolution
		HideSolutionNode = FALSE
	EndGlobalSection
	GlobalSection(ExtensibilityGlobals) = postSolution
		SolutionGuid = {B61C89CF-B1D9-4523-9AD3-E5876AF1394E}
	EndGlobalSection
EndGlobal
